
Microsoft Visual Studio Solution File, Format Version 12.00
# Visual Studio Version 17
VisualStudioVersion = 17.2.32516.85
MinimumVisualStudioVersion = 10.0.40219.1
Project("{FAE04EC0-301F-11D3-BF4B-00C04F79EFBC}") = "VentaProductos", "VentaProductos.csproj", "{CBD14146-F907-4E31-9999-03B9B8C6AB79}"
EndProject
Global
	GlobalSection(SolutionConfigurationPlatforms) = preSolution
		Debug|Any CPU = Debug|Any CPU
		Release|Any CPU = Release|Any CPU
	EndGlobalSection
	GlobalSection(ProjectConfigurationPlatforms) = postSolution
		{CBD14146-F907-4E31-9999-03B9B8C6AB79}.Debug|Any CPU.ActiveCfg = Debug|Any CPU
		{CBD14146-F907-4E31-9999-03B9B8C6AB79}.Debug|Any CPU.Build.0 = Debug|Any CPU
		{CBD14146-F907-4E31-9999-03B9B8C6AB79}.Release|Any CPU.ActiveCfg = Release|Any CPU
		{CBD14146-F907-4E31-9999-03B9B8C6AB79}.Release|Any CPU.Build.0 = Release|Any CPU
	EndGlobalSection
	GlobalSection(SolutionProperties) = preSolution
		HideSolutionNode = FALSE
	EndGlobalSection
	GlobalSection(ExtensibilityGlobals) = postSolution
		SolutionGuid = {A3F799BC-41E8-4213-971D-FD5DC691ECC6}
	EndGlobalSection
EndGlobal
